
Microsoft Visual Studio Solution File, Format Version 12.00
# Visual Studio 2012
Project("{FAE04EC0-301F-11D3-BF4B-00C04F79EFBC}") = "PersonalContacts", "PersonalContacts\PersonalContacts.csproj", "{B952DC2C-5B8F-42DE-952A-144046A01AAF}"
EndProject
Global
	GlobalSection(SolutionConfigurationPlatforms) = preSolution
		Debug|Any CPU = Debug|Any CPU
		Release|Any CPU = Release|Any CPU
	EndGlobalSection
	GlobalSection(ProjectConfigurationPlatforms) = postSolution
		{B952DC2C-5B8F-42DE-952A-144046A01AAF}.Debug|Any CPU.ActiveCfg = Debug|Any CPU
		{B952DC2C-5B8F-42DE-952A-144046A01AAF}.Debug|Any CPU.Build.0 = Debug|Any CPU
		{B952DC2C-5B8F-42DE-952A-144046A01AAF}.Release|Any CPU.ActiveCfg = Release|Any CPU
		{B952DC2C-5B8F-42DE-952A-144046A01AAF}.Release|Any CPU.Build.0 = Release|Any CPU
	EndGlobalSection
	GlobalSection(MonoDevelopProperties) = preSolution
		StartupItem = PersonalContacts\PersonalContacts.csproj
	EndGlobalSection
EndGlobal
